<?xml version="1.0" encoding="utf-8"?>
<Project ToolsVersion="4.0" xmlns="http://schemas.microsoft.com/developer/msbuild/2003">
  <ItemGroup>
    <Filter Include="Source Files">
      <UniqueIdentifier>{4FC737F1-C7A5-4376-A066-2A32D752A2FF}</UniqueIdentifier>
      <Extensions>qml;cpp;c;cc;cxx;def;odl;idl;hpj;bat;asm;asmx</Extensions>
    </Filter>
    <Filter Include="Header Files">
      <UniqueIdentifier>{93995380-89BD-4b04-88EB-625FBE52EBFB}</UniqueIdentifier>
      <Extensions>h;hh;hpp;hxx;hm;inl;inc;xsd</Extensions>
    </Filter>
    <Filter Include="Resource Files">
      <UniqueIdentifier>{67DA6AB6-F800-4c08-8B7A-83BB121AAD01}</UniqueIdentifier>
      <Extensions>qrc;rc;ico;cur;bmp;dlg;rc2;rct;bin;rgs;gif;jpg;jpeg;jpe;resx;tiff;tif;png;wav;mfcribbon-ms</Extensions>
    </Filter>
    <Filter Include="Form Files">
      <UniqueIdentifier>{99349809-55BA-4b9d-BF79-8FDBB0286EB3}</UniqueIdentifier>
      <Extensions>ui</Extensions>
    </Filter>
    <Filter Include="Translation Files">
      <UniqueIdentifier>{639EADAA-A684-42e4-A9AD-28FC9BCB8F7C}</UniqueIdentifier>
      <Extensions>ts</Extensions>
    </Filter>
  </ItemGroup>
  <ItemGroup>
    <QtRcc Include="MainWindow.qrc">
      <Filter>Resource Files</Filter>
    </QtRcc>
    <QtUic Include="MainWindow.ui">
      <Filter>Form Files</Filter>
    </QtUic>
    <QtMoc Include="MainWindow.hpp">
      <Filter>Header Files</Filter>
    </QtMoc>
    <ClCompile Include="MainWindow.cpp">
      <Filter>Source Files</Filter>
    </ClCompile>
  </ItemGroup>
  <ItemGroup>
    <ClCompile Include="main.cpp">
      <Filter>Source Files</Filter>
    </ClCompile>
    <ClCompile Include="OpenGL\openglwidget.cpp">
      <Filter>Source Files</Filter>
    </ClCompile>
    <ClCompile Include="OpenGL\PlanePicker.cpp">
      <Filter>Source Files</Filter>
    </ClCompile>
    <ClCompile Include="Camera\cameraparameters.cpp">
      <Filter>Source Files</Filter>
    </ClCompile>
    <ClCompile Include="PointReader\PointReader.cpp">
      <Filter>Source Files</Filter>
    </ClCompile>
    <ClCompile Include="LocalSymmetryDetector\Structs\Functions.cpp">
      <Filter>Source Files</Filter>
    </ClCompile>
    <ClCompile Include="LocalSymmetryDetector\BruteRotationalSymmetry.cpp">
      <Filter>Source Files</Filter>
    </ClCompile>
    <ClCompile Include="LocalSymmetryDetector\LocalSymmetry.cpp">
      <Filter>Source Files</Filter>
    </ClCompile>
    <ClCompile Include="LocalSymmetryDetector\ReflectionSymmetry.cpp">
      <Filter>Source Files</Filter>
    </ClCompile>
    <ClCompile Include="LocalSymmetryDetector\RotationalSymmetry.cpp">
      <Filter>Source Files</Filter>
    </ClCompile>
    <ClCompile Include="GeometricRailwayExtraction.cpp">
      <Filter>Source Files</Filter>
    </ClCompile>
    <ClCompile Include="RailObstacleDetector.cpp">
      <Filter>Source Files</Filter>
    </ClCompile>
    <ClCompile Include="LinearRegression\LinearRegression.cpp">
      <Filter>Source Files</Filter>
    </ClCompile>
  </ItemGroup>
  <ItemGroup>
    <ClInclude Include="OpenGL\openglwidget.h">
      <Filter>Header Files</Filter>
    </ClInclude>
    <ClInclude Include="OpenGL\PlanePicker.hpp">
      <Filter>Header Files</Filter>
    </ClInclude>
    <ClInclude Include="localsymmetrylib\localsymmetry.h">
      <Filter>Header Files</Filter>
    </ClInclude>
    <ClInclude Include="localsymmetrylib\reflectionsymmetry.h">
      <Filter>Header Files</Filter>
    </ClInclude>
    <ClInclude Include="GLM\glm\gtc\vec1.hpp">
      <Filter>Header Files</Filter>
    </ClInclude>
    <ClInclude Include="PointReader\PointReader.hpp">
      <Filter>Header Files</Filter>
    </ClInclude>
    <ClInclude Include="LocalSymmetryDetector\Structs\Color.hpp">
      <Filter>Header Files</Filter>
    </ClInclude>
    <ClInclude Include="LocalSymmetryDetector\Structs\Constants.hpp">
      <Filter>Header Files</Filter>
    </ClInclude>
    <ClInclude Include="LocalSymmetryDetector\Structs\Functions.hpp">
      <Filter>Header Files</Filter>
    </ClInclude>
    <ClInclude Include="LocalSymmetryDetector\Structs\Tolerance.hpp">
      <Filter>Header Files</Filter>
    </ClInclude>
    <ClInclude Include="LocalSymmetryDetector\Structs\Voxel.hpp">
      <Filter>Header Files</Filter>
    </ClInclude>
    <ClInclude Include="LocalSymmetryDetector\BruteRotationalSymmetry.hpp">
      <Filter>Header Files</Filter>
    </ClInclude>
    <ClInclude Include="LocalSymmetryDetector\LocalSymmetry.hpp">
      <Filter>Header Files</Filter>
    </ClInclude>
    <ClInclude Include="LocalSymmetryDetector\ReflectionSymmetry.hpp">
      <Filter>Header Files</Filter>
    </ClInclude>
    <ClInclude Include="LocalSymmetryDetector\RotationalSymmetry.hpp">
      <Filter>Header Files</Filter>
    </ClInclude>
    <ClInclude Include="GeometricRailwayExtraction.hpp">
      <Filter>Header Files</Filter>
    </ClInclude>
    <ClInclude Include="RailObstacleDetector.hpp">
      <Filter>Header Files</Filter>
    </ClInclude>
    <ClInclude Include="LinearRegression\LinearRegression.hpp">
      <Filter>Header Files</Filter>
    </ClInclude>
  </ItemGroup>
  <ItemGroup>
    <QtMoc Include="Camera\CameraParameters.hpp">
      <Filter>Header Files</Filter>
    </QtMoc>
  </ItemGroup>
  <ItemGroup>
    <QtUic Include="Camera\CameraParameters.ui">
      <Filter>Form Files</Filter>
    </QtUic>
  </ItemGroup>
  <ItemGroup>
    <None Include="LocalSymmetryDetector\Structs\LineSegment.tpp" />
    <None Include="LocalSymmetryDetector\Structs\Plane.tpp" />
    <None Include="LocalSymmetryDetector\Structs\Point.tpp" />
  </ItemGroup>
</Project>